<Solution>
  <Configurations>
    <Platform Name="ARM64" />
    <Platform Name="x64" />
    <Platform Name="x86" />
  </Configurations>
  <Project Path="formulas/formula-001-fp32/formula-001-fp32.vcxproj" Id="1aceb6a9-7fad-4766-9ef2-42c5264742fb" />
  <Project Path="formulas/formula-001-fp64/formula-001-fp64.vcxproj" Id="0ced74ca-7299-4cd0-974a-c5c68688730b" />
  <Project Path="formulas/formula-001-fp80/formula-001-fp80.vcxproj" Id="11abc025-3f89-4eda-95b8-53e5ca6d393d" />
  <Project Path="formulas/formula-002-fp32/formula-002-fp32.vcxproj" Id="5ab93dad-068d-4078-a2e7-62679d648967" />
  <Project Path="trigonometric-formulas-arm64.vcxproj" Id="70c5f4cd-bfe8-4273-b9a8-9929acf31d04" />
</Solution>
