<Solution>
  <Configurations>
    <Platform Name="ARM64" />
    <Platform Name="x64" />
    <Platform Name="x86" />
  </Configurations>
  <Project Path="formulas/formula-001-fp32/formula-001-fp32.vcxproj" Id="1aceb6a9-7fad-4766-9ef2-42c5264742fb" />
  <Project Path="formulas/formula-001-fp64/formula-001-fp64.vcxproj" Id="0ced74ca-7299-4cd0-974a-c5c68688730b" />
  <Project Path="formulas/formula-001-fp80/formula-001-fp80.vcxproj" Id="11abc025-3f89-4eda-95b8-53e5ca6d393d" />
  <Project Path="formulas/formula-002-fp32/formula-002-fp32.vcxproj" Id="5ab93dad-068d-4078-a2e7-62679d648967" />
  <Project Path="formulas/formula-002-fp64/formula-002-fp64.vcxproj" Id="66e0ef6d-9f3c-4445-8467-3d1c4386ef8b" />
  <Project Path="formulas/formula-002-fp80/formula-002-fp80.vcxproj" Id="ede32c88-3e69-4e0a-b0d6-a48703b7262c" />
  <Project Path="formulas/formula-003-fp32/formula-003-fp32.vcxproj" Id="a4091f07-a003-48ec-8b82-e9a029fdab64" />
  <Project Path="formulas/formula-003-fp64/formula-003-fp64.vcxproj" Id="44f3fae7-f779-49d8-840c-661d4f723986" />
  <Project Path="trigonometric-formulas-arm64.vcxproj" Id="70c5f4cd-bfe8-4273-b9a8-9929acf31d04" />
</Solution>
